
Microsoft Visual Studio Solution File, Format Version 12.00
# Visual Studio 14
VisualStudioVersion = 14.0.25420.1
MinimumVisualStudioVersion = 10.0.40219.1
Project("{FAE04EC0-301F-11D3-BF4B-00C04F79EFBC}") = "MonoMod", "MonoMod.csproj", "{8A17C958-5C33-4035-AF76-F94A3AA2DC4F}"
EndProject
Global
	GlobalSection(SolutionConfigurationPlatforms) = preSolution
		Debug|Any CPU = Debug|Any CPU
		Debug|x86 = Debug|x86
		net_3_5_Debug|Any CPU = net_3_5_Debug|Any CPU
		net_3_5_Debug|x86 = net_3_5_Debug|x86
		net_3_5_Release|Any CPU = net_3_5_Release|Any CPU
		net_3_5_Release|x86 = net_3_5_Release|x86
		net_4_0_Debug|Any CPU = net_4_0_Debug|Any CPU
		net_4_0_Debug|x86 = net_4_0_Debug|x86
		net_4_0_Release|Any CPU = net_4_0_Release|Any CPU
		net_4_0_Release|x86 = net_4_0_Release|x86
		pcl_Debug|Any CPU = pcl_Debug|Any CPU
		pcl_Debug|x86 = pcl_Debug|x86
		pcl_Release|Any CPU = pcl_Release|Any CPU
		pcl_Release|x86 = pcl_Release|x86
		Release|Any CPU = Release|Any CPU
		Release|x86 = Release|x86
	EndGlobalSection
	GlobalSection(ProjectConfigurationPlatforms) = postSolution
		{8A17C958-5C33-4035-AF76-F94A3AA2DC4F}.Debug|Any CPU.ActiveCfg = Debug|x86
		{8A17C958-5C33-4035-AF76-F94A3AA2DC4F}.Debug|x86.ActiveCfg = Debug|x86
		{8A17C958-5C33-4035-AF76-F94A3AA2DC4F}.Debug|x86.Build.0 = Debug|x86
		{8A17C958-5C33-4035-AF76-F94A3AA2DC4F}.net_3_5_Debug|Any CPU.ActiveCfg = Release|x86
		{8A17C958-5C33-4035-AF76-F94A3AA2DC4F}.net_3_5_Debug|Any CPU.Build.0 = Release|x86
		{8A17C958-5C33-4035-AF76-F94A3AA2DC4F}.net_3_5_Debug|x86.ActiveCfg = Debug|x86
		{8A17C958-5C33-4035-AF76-F94A3AA2DC4F}.net_3_5_Debug|x86.Build.0 = Debug|x86
		{8A17C958-5C33-4035-AF76-F94A3AA2DC4F}.net_3_5_Release|Any CPU.ActiveCfg = Release|x86
		{8A17C958-5C33-4035-AF76-F94A3AA2DC4F}.net_3_5_Release|Any CPU.Build.0 = Release|x86
		{8A17C958-5C33-4035-AF76-F94A3AA2DC4F}.net_3_5_Release|x86.ActiveCfg = Release|x86
		{8A17C958-5C33-4035-AF76-F94A3AA2DC4F}.net_3_5_Release|x86.Build.0 = Release|x86
		{8A17C958-5C33-4035-AF76-F94A3AA2DC4F}.net_4_0_Debug|Any CPU.ActiveCfg = Release|x86
		{8A17C958-5C33-4035-AF76-F94A3AA2DC4F}.net_4_0_Debug|Any CPU.Build.0 = Release|x86
		{8A17C958-5C33-4035-AF76-F94A3AA2DC4F}.net_4_0_Debug|x86.ActiveCfg = Debug|x86
		{8A17C958-5C33-4035-AF76-F94A3AA2DC4F}.net_4_0_Debug|x86.Build.0 = Debug|x86
		{8A17C958-5C33-4035-AF76-F94A3AA2DC4F}.net_4_0_Release|Any CPU.ActiveCfg = Release|x86
		{8A17C958-5C33-4035-AF76-F94A3AA2DC4F}.net_4_0_Release|Any CPU.Build.0 = Release|x86
		{8A17C958-5C33-4035-AF76-F94A3AA2DC4F}.net_4_0_Release|x86.ActiveCfg = Release|x86
		{8A17C958-5C33-4035-AF76-F94A3AA2DC4F}.net_4_0_Release|x86.Build.0 = Release|x86
		{8A17C958-5C33-4035-AF76-F94A3AA2DC4F}.pcl_Debug|Any CPU.ActiveCfg = Release|x86
		{8A17C958-5C33-4035-AF76-F94A3AA2DC4F}.pcl_Debug|Any CPU.Build.0 = Release|x86
		{8A17C958-5C33-4035-AF76-F94A3AA2DC4F}.pcl_Debug|x86.ActiveCfg = Debug|x86
		{8A17C958-5C33-4035-AF76-F94A3AA2DC4F}.pcl_Debug|x86.Build.0 = Debug|x86
		{8A17C958-5C33-4035-AF76-F94A3AA2DC4F}.pcl_Release|Any CPU.ActiveCfg = Release|x86
		{8A17C958-5C33-4035-AF76-F94A3AA2DC4F}.pcl_Release|Any CPU.Build.0 = Release|x86
		{8A17C958-5C33-4035-AF76-F94A3AA2DC4F}.pcl_Release|x86.ActiveCfg = Release|x86
		{8A17C958-5C33-4035-AF76-F94A3AA2DC4F}.pcl_Release|x86.Build.0 = Release|x86
		{8A17C958-5C33-4035-AF76-F94A3AA2DC4F}.Release|Any CPU.ActiveCfg = Release|x86
		{8A17C958-5C33-4035-AF76-F94A3AA2DC4F}.Release|x86.ActiveCfg = Release|x86
		{8A17C958-5C33-4035-AF76-F94A3AA2DC4F}.Release|x86.Build.0 = Release|x86
	EndGlobalSection
	GlobalSection(SolutionProperties) = preSolution
		HideSolutionNode = FALSE
	EndGlobalSection
EndGlobal
