
Microsoft Visual Studio Solution File, Format Version 12.00
# Visual Studio Version 17
VisualStudioVersion = 17.0.31717.71
MinimumVisualStudioVersion = 10.0.40219.1
Project("{9A19103F-16F7-4668-BE54-9A1E7A4F7556}") = "MonoMod", "src\MonoMod\MonoMod.csproj", "{8A17C958-5C33-4035-AF76-F94A3AA2DC4F}"
EndProject
Project("{9A19103F-16F7-4668-BE54-9A1E7A4F7556}") = "MonoMod.DebugIL", "src\MonoMod.DebugIL\MonoMod.DebugIL.csproj", "{68E38462-2DB9-4692-AD91-077A8FBE8AE9}"
EndProject
Project("{9A19103F-16F7-4668-BE54-9A1E7A4F7556}") = "MonoMod.RuntimeDetour", "src\MonoMod.RuntimeDetour\MonoMod.RuntimeDetour.csproj", "{D0C584C0-81D7-486E-B70E-D7F9256E0909}"
EndProject
Project("{9A19103F-16F7-4668-BE54-9A1E7A4F7556}") = "MonoMod.Common", "src\MonoMod.Common\MonoMod.Common.csproj", "{D08C41CC-6121-47FB-AEBF-57A1D94DD09E}"
EndProject
Project("{9A19103F-16F7-4668-BE54-9A1E7A4F7556}") = "MonoMod.Utils", "src\MonoMod.Utils\MonoMod.Utils.csproj", "{1839CFE2-3DB0-45A8-B03D-9AA797479A3A}"
EndProject
Project("{9A19103F-16F7-4668-BE54-9A1E7A4F7556}") = "MonoMod.RuntimeDetour.HookGen", "src\MonoMod.RuntimeDetour.HookGen\MonoMod.RuntimeDetour.HookGen.csproj", "{032B42A5-C409-4B69-B8E6-EC468EEDFEC1}"
EndProject
Project("{9A19103F-16F7-4668-BE54-9A1E7A4F7556}") = "MonoMod.UnitTest", "src\MonoMod.UnitTest\MonoMod.UnitTest.csproj", "{0291CFD9-75F9-4978-BE83-58DE5194BECA}"
EndProject
Project("{9A19103F-16F7-4668-BE54-9A1E7A4F7556}") = "MonoMod.Core", "src\MonoMod.Core\MonoMod.Core.csproj", "{A32F737E-295F-4245-8DDC-141C2405D94B}"
EndProject
Project("{FAE04EC0-301F-11D3-BF4B-00C04F79EFBC}") = "MonoMod.ILHelpers", "src\MonoMod.ILHelpers\MonoMod.ILHelpers.ilproj", "{FD60B9A5-4406-467A-8087-4BC781129F22}"
EndProject
Project("{2150E333-8FDC-42A3-9474-1A3956D46DE8}") = "Solution Items", "Solution Items", "{BCABFBF3-BB48-4C21-9A52-E140015570A9}"
	ProjectSection(SolutionItems) = preProject
		.editorconfig = .editorconfig
		azure-pipelines-docfx.ps1 = azure-pipelines-docfx.ps1
		azure-pipelines-postbuild.yml = azure-pipelines-postbuild.yml
		azure-pipelines-prepushcommon.ps1 = azure-pipelines-prepushcommon.ps1
		azure-pipelines.yml = azure-pipelines.yml
		MonoMod.Common.props = MonoMod.Common.props
	EndProjectSection
EndProject
Global
	GlobalSection(SolutionConfigurationPlatforms) = preSolution
		Debug|Any CPU = Debug|Any CPU
		DebugLegacy|Any CPU = DebugLegacy|Any CPU
		DebugTrace|Any CPU = DebugTrace|Any CPU
		Release|Any CPU = Release|Any CPU
		ReleaseLegacy|Any CPU = ReleaseLegacy|Any CPU
		ReleaseTrace|Any CPU = ReleaseTrace|Any CPU
	EndGlobalSection
	GlobalSection(ProjectConfigurationPlatforms) = postSolution
		{8A17C958-5C33-4035-AF76-F94A3AA2DC4F}.Debug|Any CPU.ActiveCfg = Debug|Any CPU
		{8A17C958-5C33-4035-AF76-F94A3AA2DC4F}.Debug|Any CPU.Build.0 = Debug|Any CPU
		{8A17C958-5C33-4035-AF76-F94A3AA2DC4F}.DebugLegacy|Any CPU.ActiveCfg = DebugLegacy|Any CPU
		{8A17C958-5C33-4035-AF76-F94A3AA2DC4F}.DebugLegacy|Any CPU.Build.0 = DebugLegacy|Any CPU
		{8A17C958-5C33-4035-AF76-F94A3AA2DC4F}.DebugTrace|Any CPU.ActiveCfg = DebugTrace|Any CPU
		{8A17C958-5C33-4035-AF76-F94A3AA2DC4F}.DebugTrace|Any CPU.Build.0 = DebugTrace|Any CPU
		{8A17C958-5C33-4035-AF76-F94A3AA2DC4F}.Release|Any CPU.ActiveCfg = Release|Any CPU
		{8A17C958-5C33-4035-AF76-F94A3AA2DC4F}.Release|Any CPU.Build.0 = Release|Any CPU
		{8A17C958-5C33-4035-AF76-F94A3AA2DC4F}.ReleaseLegacy|Any CPU.ActiveCfg = ReleaseLegacy|Any CPU
		{8A17C958-5C33-4035-AF76-F94A3AA2DC4F}.ReleaseLegacy|Any CPU.Build.0 = ReleaseLegacy|Any CPU
		{8A17C958-5C33-4035-AF76-F94A3AA2DC4F}.ReleaseTrace|Any CPU.ActiveCfg = ReleaseTrace|Any CPU
		{8A17C958-5C33-4035-AF76-F94A3AA2DC4F}.ReleaseTrace|Any CPU.Build.0 = ReleaseTrace|Any CPU
		{68E38462-2DB9-4692-AD91-077A8FBE8AE9}.Debug|Any CPU.ActiveCfg = Debug|Any CPU
		{68E38462-2DB9-4692-AD91-077A8FBE8AE9}.Debug|Any CPU.Build.0 = Debug|Any CPU
		{68E38462-2DB9-4692-AD91-077A8FBE8AE9}.DebugLegacy|Any CPU.ActiveCfg = DebugLegacy|Any CPU
		{68E38462-2DB9-4692-AD91-077A8FBE8AE9}.DebugLegacy|Any CPU.Build.0 = DebugLegacy|Any CPU
		{68E38462-2DB9-4692-AD91-077A8FBE8AE9}.DebugTrace|Any CPU.ActiveCfg = DebugTrace|Any CPU
		{68E38462-2DB9-4692-AD91-077A8FBE8AE9}.DebugTrace|Any CPU.Build.0 = DebugTrace|Any CPU
		{68E38462-2DB9-4692-AD91-077A8FBE8AE9}.Release|Any CPU.ActiveCfg = Release|Any CPU
		{68E38462-2DB9-4692-AD91-077A8FBE8AE9}.Release|Any CPU.Build.0 = Release|Any CPU
		{68E38462-2DB9-4692-AD91-077A8FBE8AE9}.ReleaseLegacy|Any CPU.ActiveCfg = ReleaseLegacy|Any CPU
		{68E38462-2DB9-4692-AD91-077A8FBE8AE9}.ReleaseLegacy|Any CPU.Build.0 = ReleaseLegacy|Any CPU
		{68E38462-2DB9-4692-AD91-077A8FBE8AE9}.ReleaseTrace|Any CPU.ActiveCfg = ReleaseTrace|Any CPU
		{68E38462-2DB9-4692-AD91-077A8FBE8AE9}.ReleaseTrace|Any CPU.Build.0 = ReleaseTrace|Any CPU
		{D0C584C0-81D7-486E-B70E-D7F9256E0909}.Debug|Any CPU.ActiveCfg = Debug|Any CPU
		{D0C584C0-81D7-486E-B70E-D7F9256E0909}.Debug|Any CPU.Build.0 = Debug|Any CPU
		{D0C584C0-81D7-486E-B70E-D7F9256E0909}.DebugLegacy|Any CPU.ActiveCfg = DebugLegacy|Any CPU
		{D0C584C0-81D7-486E-B70E-D7F9256E0909}.DebugLegacy|Any CPU.Build.0 = DebugLegacy|Any CPU
		{D0C584C0-81D7-486E-B70E-D7F9256E0909}.DebugTrace|Any CPU.ActiveCfg = DebugTrace|Any CPU
		{D0C584C0-81D7-486E-B70E-D7F9256E0909}.DebugTrace|Any CPU.Build.0 = DebugTrace|Any CPU
		{D0C584C0-81D7-486E-B70E-D7F9256E0909}.Release|Any CPU.ActiveCfg = Release|Any CPU
		{D0C584C0-81D7-486E-B70E-D7F9256E0909}.Release|Any CPU.Build.0 = Release|Any CPU
		{D0C584C0-81D7-486E-B70E-D7F9256E0909}.ReleaseLegacy|Any CPU.ActiveCfg = ReleaseLegacy|Any CPU
		{D0C584C0-81D7-486E-B70E-D7F9256E0909}.ReleaseLegacy|Any CPU.Build.0 = ReleaseLegacy|Any CPU
		{D0C584C0-81D7-486E-B70E-D7F9256E0909}.ReleaseTrace|Any CPU.ActiveCfg = ReleaseTrace|Any CPU
		{D0C584C0-81D7-486E-B70E-D7F9256E0909}.ReleaseTrace|Any CPU.Build.0 = ReleaseTrace|Any CPU
		{D08C41CC-6121-47FB-AEBF-57A1D94DD09E}.Debug|Any CPU.ActiveCfg = Debug|Any CPU
		{D08C41CC-6121-47FB-AEBF-57A1D94DD09E}.Debug|Any CPU.Build.0 = Debug|Any CPU
		{D08C41CC-6121-47FB-AEBF-57A1D94DD09E}.DebugLegacy|Any CPU.ActiveCfg = DebugLegacy|Any CPU
		{D08C41CC-6121-47FB-AEBF-57A1D94DD09E}.DebugLegacy|Any CPU.Build.0 = DebugLegacy|Any CPU
		{D08C41CC-6121-47FB-AEBF-57A1D94DD09E}.DebugTrace|Any CPU.ActiveCfg = DebugTrace|Any CPU
		{D08C41CC-6121-47FB-AEBF-57A1D94DD09E}.DebugTrace|Any CPU.Build.0 = DebugTrace|Any CPU
		{D08C41CC-6121-47FB-AEBF-57A1D94DD09E}.Release|Any CPU.ActiveCfg = Release|Any CPU
		{D08C41CC-6121-47FB-AEBF-57A1D94DD09E}.Release|Any CPU.Build.0 = Release|Any CPU
		{D08C41CC-6121-47FB-AEBF-57A1D94DD09E}.ReleaseLegacy|Any CPU.ActiveCfg = ReleaseLegacy|Any CPU
		{D08C41CC-6121-47FB-AEBF-57A1D94DD09E}.ReleaseLegacy|Any CPU.Build.0 = ReleaseLegacy|Any CPU
		{D08C41CC-6121-47FB-AEBF-57A1D94DD09E}.ReleaseTrace|Any CPU.ActiveCfg = ReleaseTrace|Any CPU
		{D08C41CC-6121-47FB-AEBF-57A1D94DD09E}.ReleaseTrace|Any CPU.Build.0 = ReleaseTrace|Any CPU
		{1839CFE2-3DB0-45A8-B03D-9AA797479A3A}.Debug|Any CPU.ActiveCfg = Debug|Any CPU
		{1839CFE2-3DB0-45A8-B03D-9AA797479A3A}.Debug|Any CPU.Build.0 = Debug|Any CPU
		{1839CFE2-3DB0-45A8-B03D-9AA797479A3A}.DebugLegacy|Any CPU.ActiveCfg = DebugLegacy|Any CPU
		{1839CFE2-3DB0-45A8-B03D-9AA797479A3A}.DebugLegacy|Any CPU.Build.0 = DebugLegacy|Any CPU
		{1839CFE2-3DB0-45A8-B03D-9AA797479A3A}.DebugTrace|Any CPU.ActiveCfg = DebugTrace|Any CPU
		{1839CFE2-3DB0-45A8-B03D-9AA797479A3A}.DebugTrace|Any CPU.Build.0 = DebugTrace|Any CPU
		{1839CFE2-3DB0-45A8-B03D-9AA797479A3A}.Release|Any CPU.ActiveCfg = Release|Any CPU
		{1839CFE2-3DB0-45A8-B03D-9AA797479A3A}.Release|Any CPU.Build.0 = Release|Any CPU
		{1839CFE2-3DB0-45A8-B03D-9AA797479A3A}.ReleaseLegacy|Any CPU.ActiveCfg = ReleaseLegacy|Any CPU
		{1839CFE2-3DB0-45A8-B03D-9AA797479A3A}.ReleaseLegacy|Any CPU.Build.0 = ReleaseLegacy|Any CPU
		{1839CFE2-3DB0-45A8-B03D-9AA797479A3A}.ReleaseTrace|Any CPU.ActiveCfg = ReleaseTrace|Any CPU
		{1839CFE2-3DB0-45A8-B03D-9AA797479A3A}.ReleaseTrace|Any CPU.Build.0 = ReleaseTrace|Any CPU
		{032B42A5-C409-4B69-B8E6-EC468EEDFEC1}.Debug|Any CPU.ActiveCfg = Debug|Any CPU
		{032B42A5-C409-4B69-B8E6-EC468EEDFEC1}.Debug|Any CPU.Build.0 = Debug|Any CPU
		{032B42A5-C409-4B69-B8E6-EC468EEDFEC1}.DebugLegacy|Any CPU.ActiveCfg = DebugLegacy|Any CPU
		{032B42A5-C409-4B69-B8E6-EC468EEDFEC1}.DebugLegacy|Any CPU.Build.0 = DebugLegacy|Any CPU
		{032B42A5-C409-4B69-B8E6-EC468EEDFEC1}.DebugTrace|Any CPU.ActiveCfg = DebugTrace|Any CPU
		{032B42A5-C409-4B69-B8E6-EC468EEDFEC1}.DebugTrace|Any CPU.Build.0 = DebugTrace|Any CPU
		{032B42A5-C409-4B69-B8E6-EC468EEDFEC1}.Release|Any CPU.ActiveCfg = Release|Any CPU
		{032B42A5-C409-4B69-B8E6-EC468EEDFEC1}.Release|Any CPU.Build.0 = Release|Any CPU
		{032B42A5-C409-4B69-B8E6-EC468EEDFEC1}.ReleaseLegacy|Any CPU.ActiveCfg = ReleaseLegacy|Any CPU
		{032B42A5-C409-4B69-B8E6-EC468EEDFEC1}.ReleaseLegacy|Any CPU.Build.0 = ReleaseLegacy|Any CPU
		{032B42A5-C409-4B69-B8E6-EC468EEDFEC1}.ReleaseTrace|Any CPU.ActiveCfg = ReleaseTrace|Any CPU
		{032B42A5-C409-4B69-B8E6-EC468EEDFEC1}.ReleaseTrace|Any CPU.Build.0 = ReleaseTrace|Any CPU
		{0291CFD9-75F9-4978-BE83-58DE5194BECA}.Debug|Any CPU.ActiveCfg = Debug|Any CPU
		{0291CFD9-75F9-4978-BE83-58DE5194BECA}.Debug|Any CPU.Build.0 = Debug|Any CPU
		{0291CFD9-75F9-4978-BE83-58DE5194BECA}.DebugLegacy|Any CPU.ActiveCfg = DebugLegacy|Any CPU
		{0291CFD9-75F9-4978-BE83-58DE5194BECA}.DebugLegacy|Any CPU.Build.0 = DebugLegacy|Any CPU
		{0291CFD9-75F9-4978-BE83-58DE5194BECA}.DebugTrace|Any CPU.ActiveCfg = DebugTrace|Any CPU
		{0291CFD9-75F9-4978-BE83-58DE5194BECA}.DebugTrace|Any CPU.Build.0 = DebugTrace|Any CPU
		{0291CFD9-75F9-4978-BE83-58DE5194BECA}.Release|Any CPU.ActiveCfg = Release|Any CPU
		{0291CFD9-75F9-4978-BE83-58DE5194BECA}.Release|Any CPU.Build.0 = Release|Any CPU
		{0291CFD9-75F9-4978-BE83-58DE5194BECA}.ReleaseLegacy|Any CPU.ActiveCfg = ReleaseLegacy|Any CPU
		{0291CFD9-75F9-4978-BE83-58DE5194BECA}.ReleaseLegacy|Any CPU.Build.0 = ReleaseLegacy|Any CPU
		{0291CFD9-75F9-4978-BE83-58DE5194BECA}.ReleaseTrace|Any CPU.ActiveCfg = ReleaseTrace|Any CPU
		{0291CFD9-75F9-4978-BE83-58DE5194BECA}.ReleaseTrace|Any CPU.Build.0 = ReleaseTrace|Any CPU
		{A32F737E-295F-4245-8DDC-141C2405D94B}.Debug|Any CPU.ActiveCfg = Debug|Any CPU
		{A32F737E-295F-4245-8DDC-141C2405D94B}.Debug|Any CPU.Build.0 = Debug|Any CPU
		{A32F737E-295F-4245-8DDC-141C2405D94B}.DebugLegacy|Any CPU.ActiveCfg = Debug|Any CPU
		{A32F737E-295F-4245-8DDC-141C2405D94B}.DebugLegacy|Any CPU.Build.0 = Debug|Any CPU
		{A32F737E-295F-4245-8DDC-141C2405D94B}.DebugTrace|Any CPU.ActiveCfg = Debug|Any CPU
		{A32F737E-295F-4245-8DDC-141C2405D94B}.DebugTrace|Any CPU.Build.0 = Debug|Any CPU
		{A32F737E-295F-4245-8DDC-141C2405D94B}.Release|Any CPU.ActiveCfg = Release|Any CPU
		{A32F737E-295F-4245-8DDC-141C2405D94B}.Release|Any CPU.Build.0 = Release|Any CPU
		{A32F737E-295F-4245-8DDC-141C2405D94B}.ReleaseLegacy|Any CPU.ActiveCfg = Release|Any CPU
		{A32F737E-295F-4245-8DDC-141C2405D94B}.ReleaseLegacy|Any CPU.Build.0 = Release|Any CPU
		{A32F737E-295F-4245-8DDC-141C2405D94B}.ReleaseTrace|Any CPU.ActiveCfg = Release|Any CPU
		{A32F737E-295F-4245-8DDC-141C2405D94B}.ReleaseTrace|Any CPU.Build.0 = Release|Any CPU
		{FD60B9A5-4406-467A-8087-4BC781129F22}.Debug|Any CPU.ActiveCfg = Debug|Any CPU
		{FD60B9A5-4406-467A-8087-4BC781129F22}.Debug|Any CPU.Build.0 = Debug|Any CPU
		{FD60B9A5-4406-467A-8087-4BC781129F22}.DebugLegacy|Any CPU.ActiveCfg = Debug|Any CPU
		{FD60B9A5-4406-467A-8087-4BC781129F22}.DebugLegacy|Any CPU.Build.0 = Debug|Any CPU
		{FD60B9A5-4406-467A-8087-4BC781129F22}.DebugTrace|Any CPU.ActiveCfg = Debug|Any CPU
		{FD60B9A5-4406-467A-8087-4BC781129F22}.DebugTrace|Any CPU.Build.0 = Debug|Any CPU
		{FD60B9A5-4406-467A-8087-4BC781129F22}.Release|Any CPU.ActiveCfg = Release|Any CPU
		{FD60B9A5-4406-467A-8087-4BC781129F22}.Release|Any CPU.Build.0 = Release|Any CPU
		{FD60B9A5-4406-467A-8087-4BC781129F22}.ReleaseLegacy|Any CPU.ActiveCfg = Release|Any CPU
		{FD60B9A5-4406-467A-8087-4BC781129F22}.ReleaseLegacy|Any CPU.Build.0 = Release|Any CPU
		{FD60B9A5-4406-467A-8087-4BC781129F22}.ReleaseTrace|Any CPU.ActiveCfg = Release|Any CPU
		{FD60B9A5-4406-467A-8087-4BC781129F22}.ReleaseTrace|Any CPU.Build.0 = Release|Any CPU
	EndGlobalSection
	GlobalSection(SolutionProperties) = preSolution
		HideSolutionNode = FALSE
	EndGlobalSection
	GlobalSection(ExtensibilityGlobals) = postSolution
		SolutionGuid = {E10A3D07-6D9A-4898-B95F-268636312A67}
	EndGlobalSection
EndGlobal
