
Microsoft Visual Studio Solution File, Format Version 12.00
# Visual Studio Version 17
VisualStudioVersion = 17.0.31717.71
MinimumVisualStudioVersion = 10.0.40219.1
Project("{9A19103F-16F7-4668-BE54-9A1E7A4F7556}") = "MonoMod.Patcher", "src\MonoMod.Patcher\MonoMod.Patcher.csproj", "{8A17C958-5C33-4035-AF76-F94A3AA2DC4F}"
EndProject
Project("{9A19103F-16F7-4668-BE54-9A1E7A4F7556}") = "MonoMod.DebugIL", "src\MonoMod.DebugIL\MonoMod.DebugIL.csproj", "{68E38462-2DB9-4692-AD91-077A8FBE8AE9}"
EndProject
Project("{9A19103F-16F7-4668-BE54-9A1E7A4F7556}") = "Common", "src\Common\Common.csproj", "{D08C41CC-6121-47FB-AEBF-57A1D94DD09E}"
EndProject
Project("{9A19103F-16F7-4668-BE54-9A1E7A4F7556}") = "MonoMod.Utils", "src\MonoMod.Utils\MonoMod.Utils.csproj", "{1839CFE2-3DB0-45A8-B03D-9AA797479A3A}"
EndProject
Project("{9A19103F-16F7-4668-BE54-9A1E7A4F7556}") = "MonoMod.RuntimeDetour.HookGen", "src\MonoMod.RuntimeDetour.HookGen\MonoMod.RuntimeDetour.HookGen.csproj", "{032B42A5-C409-4B69-B8E6-EC468EEDFEC1}"
EndProject
Project("{9A19103F-16F7-4668-BE54-9A1E7A4F7556}") = "MonoMod.UnitTest", "src\MonoMod.UnitTest\MonoMod.UnitTest.csproj", "{0291CFD9-75F9-4978-BE83-58DE5194BECA}"
EndProject
Project("{9A19103F-16F7-4668-BE54-9A1E7A4F7556}") = "MonoMod.Core", "src\MonoMod.Core\MonoMod.Core.csproj", "{A32F737E-295F-4245-8DDC-141C2405D94B}"
EndProject
Project("{9A19103F-16F7-4668-BE54-9A1E7A4F7556}") = "MonoMod.ILHelpers", "src\MonoMod.ILHelpers\MonoMod.ILHelpers.ilproj", "{FD60B9A5-4406-467A-8087-4BC781129F22}"
EndProject
Project("{2150E333-8FDC-42A3-9474-1A3956D46DE8}") = "Solution Items", "Solution Items", "{BCABFBF3-BB48-4C21-9A52-E140015570A9}"
	ProjectSection(SolutionItems) = preProject
		.editorconfig = .editorconfig
		.gitignore = .gitignore
		azure-pipelines-coretest.yml = azure-pipelines-coretest.yml
		azure-pipelines-docfx.ps1 = azure-pipelines-docfx.ps1
		azure-pipelines-postbuild.yml = azure-pipelines-postbuild.yml
		azure-pipelines-prepushcommon.ps1 = azure-pipelines-prepushcommon.ps1
		azure-pipelines.yml = azure-pipelines.yml
		global.json = global.json
		icon.png = icon.png
		README.md = README.md
	EndProjectSection
EndProject
Project("{9A19103F-16F7-4668-BE54-9A1E7A4F7556}") = "tools", "tools\tools.csproj", "{7B682BC4-241C-4B74-8EDC-2D7677A79337}"
EndProject
Project("{9A19103F-16F7-4668-BE54-9A1E7A4F7556}") = "MonoMod.Backports", "src\MonoMod.Backports\MonoMod.Backports.csproj", "{9B90DE41-122C-4395-919B-DBBD20B60F9A}"
EndProject
Project("{9A19103F-16F7-4668-BE54-9A1E7A4F7556}") = "MonoMod.FrameworkTests", "src\MonoMod.FrameworkTests\MonoMod.FrameworkTests.csproj", "{6C2B3C2B-67AE-4DE2-B3AE-1628CEADD301}"
EndProject
Project("{9A19103F-16F7-4668-BE54-9A1E7A4F7556}") = "MonoMod.ILHelpers.Patcher", "src\MonoMod.ILHelpers.Patcher\MonoMod.ILHelpers.Patcher.csproj", "{673E5693-0F3F-4A8E-9F1A-02BDB048760A}"
EndProject
Project("{9A19103F-16F7-4668-BE54-9A1E7A4F7556}") = "MonoMod.RuntimeDetour", "src\MonoMod.RuntimeDetour\MonoMod.RuntimeDetour.csproj", "{D3345345-B097-4BFF-89B8-007A21A5BFD8}"
EndProject
Project("{9A19103F-16F7-4668-BE54-9A1E7A4F7556}") = "MonoMod.SourceGen.Internal", "src\MonoMod.SourceGen.Internal\MonoMod.SourceGen.Internal.csproj", "{ADB985C0-CCAD-40D0-AA63-2BD192470969}"
EndProject
Project("{2150E333-8FDC-42A3-9474-1A3956D46DE8}") = "external", "external", "{69977055-8E22-4EB0-850D-6EE7D592BC04}"
EndProject
Project("{9A19103F-16F7-4668-BE54-9A1E7A4F7556}") = "iced", "external\iced.csproj", "{119A01EE-2238-423C-BE5B-48C68D7D14A7}"
EndProject
Project("{9A19103F-16F7-4668-BE54-9A1E7A4F7556}") = "MonoMod.Backports.Tasks", "src\MonoMod.Backports.Tasks\MonoMod.Backports.Tasks.csproj", "{ED959596-2FAE-4B3D-8DF8-8F0058E8068D}"
EndProject
Project("{FAE04EC0-301F-11D3-BF4B-00C04F79EFBC}") = "MonoMod.HookGen.V2", "src\MonoMod.HookGen.V2\MonoMod.HookGen.V2.csproj", "{75EA6CF7-7812-47B1-9150-A4B19562B60A}"
EndProject
Project("{FAE04EC0-301F-11D3-BF4B-00C04F79EFBC}") = "MonoMod.Roslyn.UnitTests", "src\MonoMod.Roslyn.UnitTests\MonoMod.Roslyn.UnitTests.csproj", "{085B352D-110E-439E-BA0F-BA9C81E3811C}"
EndProject
Global
	GlobalSection(SolutionConfigurationPlatforms) = preSolution
		Debug|Any CPU = Debug|Any CPU
		DebugTrace|Any CPU = DebugTrace|Any CPU
		Release|Any CPU = Release|Any CPU
		ReleaseTrace|Any CPU = ReleaseTrace|Any CPU
	EndGlobalSection
	GlobalSection(ProjectConfigurationPlatforms) = postSolution
		{8A17C958-5C33-4035-AF76-F94A3AA2DC4F}.Debug|Any CPU.ActiveCfg = Debug|Any CPU
		{8A17C958-5C33-4035-AF76-F94A3AA2DC4F}.Debug|Any CPU.Build.0 = Debug|Any CPU
		{8A17C958-5C33-4035-AF76-F94A3AA2DC4F}.DebugTrace|Any CPU.ActiveCfg = DebugTrace|Any CPU
		{8A17C958-5C33-4035-AF76-F94A3AA2DC4F}.DebugTrace|Any CPU.Build.0 = DebugTrace|Any CPU
		{8A17C958-5C33-4035-AF76-F94A3AA2DC4F}.Release|Any CPU.ActiveCfg = Release|Any CPU
		{8A17C958-5C33-4035-AF76-F94A3AA2DC4F}.Release|Any CPU.Build.0 = Release|Any CPU
		{8A17C958-5C33-4035-AF76-F94A3AA2DC4F}.ReleaseTrace|Any CPU.ActiveCfg = ReleaseTrace|Any CPU
		{8A17C958-5C33-4035-AF76-F94A3AA2DC4F}.ReleaseTrace|Any CPU.Build.0 = ReleaseTrace|Any CPU
		{68E38462-2DB9-4692-AD91-077A8FBE8AE9}.Debug|Any CPU.ActiveCfg = Debug|Any CPU
		{68E38462-2DB9-4692-AD91-077A8FBE8AE9}.Debug|Any CPU.Build.0 = Debug|Any CPU
		{68E38462-2DB9-4692-AD91-077A8FBE8AE9}.DebugTrace|Any CPU.ActiveCfg = DebugTrace|Any CPU
		{68E38462-2DB9-4692-AD91-077A8FBE8AE9}.DebugTrace|Any CPU.Build.0 = DebugTrace|Any CPU
		{68E38462-2DB9-4692-AD91-077A8FBE8AE9}.Release|Any CPU.ActiveCfg = Release|Any CPU
		{68E38462-2DB9-4692-AD91-077A8FBE8AE9}.Release|Any CPU.Build.0 = Release|Any CPU
		{68E38462-2DB9-4692-AD91-077A8FBE8AE9}.ReleaseTrace|Any CPU.ActiveCfg = ReleaseTrace|Any CPU
		{68E38462-2DB9-4692-AD91-077A8FBE8AE9}.ReleaseTrace|Any CPU.Build.0 = ReleaseTrace|Any CPU
		{D08C41CC-6121-47FB-AEBF-57A1D94DD09E}.Debug|Any CPU.ActiveCfg = Debug|Any CPU
		{D08C41CC-6121-47FB-AEBF-57A1D94DD09E}.Debug|Any CPU.Build.0 = Debug|Any CPU
		{D08C41CC-6121-47FB-AEBF-57A1D94DD09E}.DebugTrace|Any CPU.ActiveCfg = DebugTrace|Any CPU
		{D08C41CC-6121-47FB-AEBF-57A1D94DD09E}.DebugTrace|Any CPU.Build.0 = DebugTrace|Any CPU
		{D08C41CC-6121-47FB-AEBF-57A1D94DD09E}.Release|Any CPU.ActiveCfg = Release|Any CPU
		{D08C41CC-6121-47FB-AEBF-57A1D94DD09E}.Release|Any CPU.Build.0 = Release|Any CPU
		{D08C41CC-6121-47FB-AEBF-57A1D94DD09E}.ReleaseTrace|Any CPU.ActiveCfg = ReleaseTrace|Any CPU
		{D08C41CC-6121-47FB-AEBF-57A1D94DD09E}.ReleaseTrace|Any CPU.Build.0 = ReleaseTrace|Any CPU
		{1839CFE2-3DB0-45A8-B03D-9AA797479A3A}.Debug|Any CPU.ActiveCfg = Debug|Any CPU
		{1839CFE2-3DB0-45A8-B03D-9AA797479A3A}.Debug|Any CPU.Build.0 = Debug|Any CPU
		{1839CFE2-3DB0-45A8-B03D-9AA797479A3A}.DebugTrace|Any CPU.ActiveCfg = DebugTrace|Any CPU
		{1839CFE2-3DB0-45A8-B03D-9AA797479A3A}.DebugTrace|Any CPU.Build.0 = DebugTrace|Any CPU
		{1839CFE2-3DB0-45A8-B03D-9AA797479A3A}.Release|Any CPU.ActiveCfg = Release|Any CPU
		{1839CFE2-3DB0-45A8-B03D-9AA797479A3A}.Release|Any CPU.Build.0 = Release|Any CPU
		{1839CFE2-3DB0-45A8-B03D-9AA797479A3A}.ReleaseTrace|Any CPU.ActiveCfg = ReleaseTrace|Any CPU
		{1839CFE2-3DB0-45A8-B03D-9AA797479A3A}.ReleaseTrace|Any CPU.Build.0 = ReleaseTrace|Any CPU
		{032B42A5-C409-4B69-B8E6-EC468EEDFEC1}.Debug|Any CPU.ActiveCfg = Debug|Any CPU
		{032B42A5-C409-4B69-B8E6-EC468EEDFEC1}.Debug|Any CPU.Build.0 = Debug|Any CPU
		{032B42A5-C409-4B69-B8E6-EC468EEDFEC1}.DebugTrace|Any CPU.ActiveCfg = DebugTrace|Any CPU
		{032B42A5-C409-4B69-B8E6-EC468EEDFEC1}.DebugTrace|Any CPU.Build.0 = DebugTrace|Any CPU
		{032B42A5-C409-4B69-B8E6-EC468EEDFEC1}.Release|Any CPU.ActiveCfg = Release|Any CPU
		{032B42A5-C409-4B69-B8E6-EC468EEDFEC1}.Release|Any CPU.Build.0 = Release|Any CPU
		{032B42A5-C409-4B69-B8E6-EC468EEDFEC1}.ReleaseTrace|Any CPU.ActiveCfg = ReleaseTrace|Any CPU
		{032B42A5-C409-4B69-B8E6-EC468EEDFEC1}.ReleaseTrace|Any CPU.Build.0 = ReleaseTrace|Any CPU
		{0291CFD9-75F9-4978-BE83-58DE5194BECA}.Debug|Any CPU.ActiveCfg = Debug|Any CPU
		{0291CFD9-75F9-4978-BE83-58DE5194BECA}.Debug|Any CPU.Build.0 = Debug|Any CPU
		{0291CFD9-75F9-4978-BE83-58DE5194BECA}.DebugTrace|Any CPU.ActiveCfg = DebugTrace|Any CPU
		{0291CFD9-75F9-4978-BE83-58DE5194BECA}.DebugTrace|Any CPU.Build.0 = DebugTrace|Any CPU
		{0291CFD9-75F9-4978-BE83-58DE5194BECA}.Release|Any CPU.ActiveCfg = Release|Any CPU
		{0291CFD9-75F9-4978-BE83-58DE5194BECA}.Release|Any CPU.Build.0 = Release|Any CPU
		{0291CFD9-75F9-4978-BE83-58DE5194BECA}.ReleaseTrace|Any CPU.ActiveCfg = ReleaseTrace|Any CPU
		{0291CFD9-75F9-4978-BE83-58DE5194BECA}.ReleaseTrace|Any CPU.Build.0 = ReleaseTrace|Any CPU
		{A32F737E-295F-4245-8DDC-141C2405D94B}.Debug|Any CPU.ActiveCfg = Debug|Any CPU
		{A32F737E-295F-4245-8DDC-141C2405D94B}.Debug|Any CPU.Build.0 = Debug|Any CPU
		{A32F737E-295F-4245-8DDC-141C2405D94B}.DebugTrace|Any CPU.ActiveCfg = DebugTrace|Any CPU
		{A32F737E-295F-4245-8DDC-141C2405D94B}.DebugTrace|Any CPU.Build.0 = DebugTrace|Any CPU
		{A32F737E-295F-4245-8DDC-141C2405D94B}.Release|Any CPU.ActiveCfg = Release|Any CPU
		{A32F737E-295F-4245-8DDC-141C2405D94B}.Release|Any CPU.Build.0 = Release|Any CPU
		{A32F737E-295F-4245-8DDC-141C2405D94B}.ReleaseTrace|Any CPU.ActiveCfg = ReleaseTrace|Any CPU
		{A32F737E-295F-4245-8DDC-141C2405D94B}.ReleaseTrace|Any CPU.Build.0 = ReleaseTrace|Any CPU
		{FD60B9A5-4406-467A-8087-4BC781129F22}.Debug|Any CPU.ActiveCfg = Debug|Any CPU
		{FD60B9A5-4406-467A-8087-4BC781129F22}.Debug|Any CPU.Build.0 = Debug|Any CPU
		{FD60B9A5-4406-467A-8087-4BC781129F22}.DebugTrace|Any CPU.ActiveCfg = DebugTrace|Any CPU
		{FD60B9A5-4406-467A-8087-4BC781129F22}.DebugTrace|Any CPU.Build.0 = DebugTrace|Any CPU
		{FD60B9A5-4406-467A-8087-4BC781129F22}.Release|Any CPU.ActiveCfg = Release|Any CPU
		{FD60B9A5-4406-467A-8087-4BC781129F22}.Release|Any CPU.Build.0 = Release|Any CPU
		{FD60B9A5-4406-467A-8087-4BC781129F22}.ReleaseTrace|Any CPU.ActiveCfg = ReleaseTrace|Any CPU
		{FD60B9A5-4406-467A-8087-4BC781129F22}.ReleaseTrace|Any CPU.Build.0 = ReleaseTrace|Any CPU
		{7B682BC4-241C-4B74-8EDC-2D7677A79337}.Debug|Any CPU.ActiveCfg = Debug|Any CPU
		{7B682BC4-241C-4B74-8EDC-2D7677A79337}.Debug|Any CPU.Build.0 = Debug|Any CPU
		{7B682BC4-241C-4B74-8EDC-2D7677A79337}.DebugTrace|Any CPU.ActiveCfg = DebugTrace|Any CPU
		{7B682BC4-241C-4B74-8EDC-2D7677A79337}.DebugTrace|Any CPU.Build.0 = DebugTrace|Any CPU
		{7B682BC4-241C-4B74-8EDC-2D7677A79337}.Release|Any CPU.ActiveCfg = Release|Any CPU
		{7B682BC4-241C-4B74-8EDC-2D7677A79337}.Release|Any CPU.Build.0 = Release|Any CPU
		{7B682BC4-241C-4B74-8EDC-2D7677A79337}.ReleaseTrace|Any CPU.ActiveCfg = ReleaseTrace|Any CPU
		{7B682BC4-241C-4B74-8EDC-2D7677A79337}.ReleaseTrace|Any CPU.Build.0 = ReleaseTrace|Any CPU
		{9B90DE41-122C-4395-919B-DBBD20B60F9A}.Debug|Any CPU.ActiveCfg = Debug|Any CPU
		{9B90DE41-122C-4395-919B-DBBD20B60F9A}.Debug|Any CPU.Build.0 = Debug|Any CPU
		{9B90DE41-122C-4395-919B-DBBD20B60F9A}.DebugTrace|Any CPU.ActiveCfg = DebugTrace|Any CPU
		{9B90DE41-122C-4395-919B-DBBD20B60F9A}.DebugTrace|Any CPU.Build.0 = DebugTrace|Any CPU
		{9B90DE41-122C-4395-919B-DBBD20B60F9A}.Release|Any CPU.ActiveCfg = Release|Any CPU
		{9B90DE41-122C-4395-919B-DBBD20B60F9A}.Release|Any CPU.Build.0 = Release|Any CPU
		{9B90DE41-122C-4395-919B-DBBD20B60F9A}.ReleaseTrace|Any CPU.ActiveCfg = ReleaseTrace|Any CPU
		{9B90DE41-122C-4395-919B-DBBD20B60F9A}.ReleaseTrace|Any CPU.Build.0 = ReleaseTrace|Any CPU
		{6C2B3C2B-67AE-4DE2-B3AE-1628CEADD301}.Debug|Any CPU.ActiveCfg = Debug|Any CPU
		{6C2B3C2B-67AE-4DE2-B3AE-1628CEADD301}.Debug|Any CPU.Build.0 = Debug|Any CPU
		{6C2B3C2B-67AE-4DE2-B3AE-1628CEADD301}.DebugTrace|Any CPU.ActiveCfg = DebugTrace|Any CPU
		{6C2B3C2B-67AE-4DE2-B3AE-1628CEADD301}.DebugTrace|Any CPU.Build.0 = DebugTrace|Any CPU
		{6C2B3C2B-67AE-4DE2-B3AE-1628CEADD301}.Release|Any CPU.ActiveCfg = Release|Any CPU
		{6C2B3C2B-67AE-4DE2-B3AE-1628CEADD301}.Release|Any CPU.Build.0 = Release|Any CPU
		{6C2B3C2B-67AE-4DE2-B3AE-1628CEADD301}.ReleaseTrace|Any CPU.ActiveCfg = ReleaseTrace|Any CPU
		{6C2B3C2B-67AE-4DE2-B3AE-1628CEADD301}.ReleaseTrace|Any CPU.Build.0 = ReleaseTrace|Any CPU
		{673E5693-0F3F-4A8E-9F1A-02BDB048760A}.Debug|Any CPU.ActiveCfg = Debug|Any CPU
		{673E5693-0F3F-4A8E-9F1A-02BDB048760A}.Debug|Any CPU.Build.0 = Debug|Any CPU
		{673E5693-0F3F-4A8E-9F1A-02BDB048760A}.DebugTrace|Any CPU.ActiveCfg = DebugTrace|Any CPU
		{673E5693-0F3F-4A8E-9F1A-02BDB048760A}.DebugTrace|Any CPU.Build.0 = DebugTrace|Any CPU
		{673E5693-0F3F-4A8E-9F1A-02BDB048760A}.Release|Any CPU.ActiveCfg = Release|Any CPU
		{673E5693-0F3F-4A8E-9F1A-02BDB048760A}.Release|Any CPU.Build.0 = Release|Any CPU
		{673E5693-0F3F-4A8E-9F1A-02BDB048760A}.ReleaseTrace|Any CPU.ActiveCfg = ReleaseTrace|Any CPU
		{673E5693-0F3F-4A8E-9F1A-02BDB048760A}.ReleaseTrace|Any CPU.Build.0 = ReleaseTrace|Any CPU
		{D3345345-B097-4BFF-89B8-007A21A5BFD8}.Debug|Any CPU.ActiveCfg = Debug|Any CPU
		{D3345345-B097-4BFF-89B8-007A21A5BFD8}.Debug|Any CPU.Build.0 = Debug|Any CPU
		{D3345345-B097-4BFF-89B8-007A21A5BFD8}.DebugTrace|Any CPU.ActiveCfg = DebugTrace|Any CPU
		{D3345345-B097-4BFF-89B8-007A21A5BFD8}.DebugTrace|Any CPU.Build.0 = DebugTrace|Any CPU
		{D3345345-B097-4BFF-89B8-007A21A5BFD8}.Release|Any CPU.ActiveCfg = Release|Any CPU
		{D3345345-B097-4BFF-89B8-007A21A5BFD8}.Release|Any CPU.Build.0 = Release|Any CPU
		{D3345345-B097-4BFF-89B8-007A21A5BFD8}.ReleaseTrace|Any CPU.ActiveCfg = ReleaseTrace|Any CPU
		{D3345345-B097-4BFF-89B8-007A21A5BFD8}.ReleaseTrace|Any CPU.Build.0 = ReleaseTrace|Any CPU
		{ADB985C0-CCAD-40D0-AA63-2BD192470969}.Debug|Any CPU.ActiveCfg = Debug|Any CPU
		{ADB985C0-CCAD-40D0-AA63-2BD192470969}.Debug|Any CPU.Build.0 = Debug|Any CPU
		{ADB985C0-CCAD-40D0-AA63-2BD192470969}.DebugTrace|Any CPU.ActiveCfg = DebugTrace|Any CPU
		{ADB985C0-CCAD-40D0-AA63-2BD192470969}.DebugTrace|Any CPU.Build.0 = DebugTrace|Any CPU
		{ADB985C0-CCAD-40D0-AA63-2BD192470969}.Release|Any CPU.ActiveCfg = Release|Any CPU
		{ADB985C0-CCAD-40D0-AA63-2BD192470969}.Release|Any CPU.Build.0 = Release|Any CPU
		{ADB985C0-CCAD-40D0-AA63-2BD192470969}.ReleaseTrace|Any CPU.ActiveCfg = ReleaseTrace|Any CPU
		{ADB985C0-CCAD-40D0-AA63-2BD192470969}.ReleaseTrace|Any CPU.Build.0 = ReleaseTrace|Any CPU
		{119A01EE-2238-423C-BE5B-48C68D7D14A7}.Debug|Any CPU.ActiveCfg = Debug|Any CPU
		{119A01EE-2238-423C-BE5B-48C68D7D14A7}.Debug|Any CPU.Build.0 = Debug|Any CPU
		{119A01EE-2238-423C-BE5B-48C68D7D14A7}.DebugTrace|Any CPU.ActiveCfg = DebugTrace|Any CPU
		{119A01EE-2238-423C-BE5B-48C68D7D14A7}.DebugTrace|Any CPU.Build.0 = DebugTrace|Any CPU
		{119A01EE-2238-423C-BE5B-48C68D7D14A7}.Release|Any CPU.ActiveCfg = Release|Any CPU
		{119A01EE-2238-423C-BE5B-48C68D7D14A7}.Release|Any CPU.Build.0 = Release|Any CPU
		{119A01EE-2238-423C-BE5B-48C68D7D14A7}.ReleaseTrace|Any CPU.ActiveCfg = ReleaseTrace|Any CPU
		{119A01EE-2238-423C-BE5B-48C68D7D14A7}.ReleaseTrace|Any CPU.Build.0 = ReleaseTrace|Any CPU
		{ED959596-2FAE-4B3D-8DF8-8F0058E8068D}.Debug|Any CPU.ActiveCfg = Debug|Any CPU
		{ED959596-2FAE-4B3D-8DF8-8F0058E8068D}.Debug|Any CPU.Build.0 = Debug|Any CPU
		{ED959596-2FAE-4B3D-8DF8-8F0058E8068D}.DebugTrace|Any CPU.ActiveCfg = DebugTrace|Any CPU
		{ED959596-2FAE-4B3D-8DF8-8F0058E8068D}.DebugTrace|Any CPU.Build.0 = DebugTrace|Any CPU
		{ED959596-2FAE-4B3D-8DF8-8F0058E8068D}.Release|Any CPU.ActiveCfg = Release|Any CPU
		{ED959596-2FAE-4B3D-8DF8-8F0058E8068D}.Release|Any CPU.Build.0 = Release|Any CPU
		{ED959596-2FAE-4B3D-8DF8-8F0058E8068D}.ReleaseTrace|Any CPU.ActiveCfg = ReleaseTrace|Any CPU
		{ED959596-2FAE-4B3D-8DF8-8F0058E8068D}.ReleaseTrace|Any CPU.Build.0 = ReleaseTrace|Any CPU
		{75EA6CF7-7812-47B1-9150-A4B19562B60A}.Debug|Any CPU.ActiveCfg = Debug|Any CPU
		{75EA6CF7-7812-47B1-9150-A4B19562B60A}.Debug|Any CPU.Build.0 = Debug|Any CPU
		{75EA6CF7-7812-47B1-9150-A4B19562B60A}.DebugTrace|Any CPU.ActiveCfg = DebugTrace|Any CPU
		{75EA6CF7-7812-47B1-9150-A4B19562B60A}.DebugTrace|Any CPU.Build.0 = DebugTrace|Any CPU
		{75EA6CF7-7812-47B1-9150-A4B19562B60A}.Release|Any CPU.ActiveCfg = Release|Any CPU
		{75EA6CF7-7812-47B1-9150-A4B19562B60A}.Release|Any CPU.Build.0 = Release|Any CPU
		{75EA6CF7-7812-47B1-9150-A4B19562B60A}.ReleaseTrace|Any CPU.ActiveCfg = ReleaseTrace|Any CPU
		{75EA6CF7-7812-47B1-9150-A4B19562B60A}.ReleaseTrace|Any CPU.Build.0 = ReleaseTrace|Any CPU
		{085B352D-110E-439E-BA0F-BA9C81E3811C}.Debug|Any CPU.ActiveCfg = Debug|Any CPU
		{085B352D-110E-439E-BA0F-BA9C81E3811C}.Debug|Any CPU.Build.0 = Debug|Any CPU
		{085B352D-110E-439E-BA0F-BA9C81E3811C}.DebugTrace|Any CPU.ActiveCfg = DebugTrace|Any CPU
		{085B352D-110E-439E-BA0F-BA9C81E3811C}.DebugTrace|Any CPU.Build.0 = DebugTrace|Any CPU
		{085B352D-110E-439E-BA0F-BA9C81E3811C}.Release|Any CPU.ActiveCfg = Release|Any CPU
		{085B352D-110E-439E-BA0F-BA9C81E3811C}.Release|Any CPU.Build.0 = Release|Any CPU
		{085B352D-110E-439E-BA0F-BA9C81E3811C}.ReleaseTrace|Any CPU.ActiveCfg = ReleaseTrace|Any CPU
		{085B352D-110E-439E-BA0F-BA9C81E3811C}.ReleaseTrace|Any CPU.Build.0 = ReleaseTrace|Any CPU
	EndGlobalSection
	GlobalSection(SolutionProperties) = preSolution
		HideSolutionNode = FALSE
	EndGlobalSection
	GlobalSection(NestedProjects) = preSolution
		{7B682BC4-241C-4B74-8EDC-2D7677A79337} = {BCABFBF3-BB48-4C21-9A52-E140015570A9}
		{119A01EE-2238-423C-BE5B-48C68D7D14A7} = {69977055-8E22-4EB0-850D-6EE7D592BC04}
	EndGlobalSection
	GlobalSection(ExtensibilityGlobals) = postSolution
		SolutionGuid = {E10A3D07-6D9A-4898-B95F-268636312A67}
	EndGlobalSection
EndGlobal
